version: 1
checksums:
  4188a166aad2705b4f09401f924502ed:
    title: 41fec0cf8226aa3dd13e52792e140334
    subtitle: 46973e801dce187a90e729959384273c
    uploadText: 1796f89968ad6e828c610de1f064a4fe
    uploadSubtext: c2b32db5d25c1739cc8a055d56e5d886
    generateSummary: b991c5bd978787cefb2465d2d10dc078
    processing: a75ce6c8a5afa5284d0e73eadde4e8b9
    uploadBtn: 98ba15cf869cb7395213f4fdd2b61a69
    summaryTitle: 1b1991fe9ab90fdde6552492ffa13b5c
    transcriptTitle: c241820f4aa8c3acb83c324a83dace1f
