version: 1
checksums:
  29ba5363b2b0f1cc53dd4a667d52f86e:
    content/0: b896c53685482156e740ce08d88ba8d2
    content/1: 1e046d4dd54af989112f43dc1e6ae9c6
    content/2: 2acf1e217477dafe17423bcbdd123711
    content/3: 9987be7cffb2f6188d54ea906c0a9485
    content/4: fdb5d914fd53a8502b906bd89fe6f6d1
    content/5: 51adf33450cab2ef392e93147386647c
    content/6: 56ea06288e338a3c329d80a0f845b4a0
    content/7: ae9cd7c558922aa5eba1d4dfd8915b2e
    content/8: 51adf33450cab2ef392e93147386647c
    content/9: 9c9e94642807e3728a1791e6cfd7516b
    content/10: 1da7cc38bbb8b0ca1c35ed3813b57d26
    content/11: 5b384876c724cf927b56649179c4e808
    content/12: 90afdec0d22684a09430fa503dbc82bf
    content/13: 0b8b6bb14eeae9d2ea344cabfefaa543
    content/14: e6b92356986f64601ded73a3a9af1760
    content/15: c925da800b56879b8b83d151a263f7bb
    content/16: 385018fc789da284a0c96960fe3f6ec4
    content/17: 39673a2fbbfcb3d6035f8a12f32a6e52
    content/18: 97f1f7f04ad2be288b05caacb61f66c3
    content/19: 96afeb7ab8ab312120cb0dec235f407e
    content/20: 7d2a6af3866f9c4beba6a53f207a599b
    content/21: ca7c2dd535aa43aa1804fdb47c26cf42
    content/22: 51adf33450cab2ef392e93147386647c
    content/23: 8462a747b18279082fe601bc44c41b96
    content/24: 74527160833393d9d06e8634fa478f83
    content/25: a9dae9fb033168e0cc0128b42c133897
    content/26: b581d7213fcd9fe1ffef252d04edafea
    content/27: a3eef7ecff263ece91113908c007b486
    content/28: da146b6a33df8ab327349ef2cd9de5e1
    content/29: 520419d855f9069c9a48f0c590d2c60b
    content/30: 384243c13b52adaa4aa619e8b10e65c3
    content/31: 348895c13a0f06afbae7f3c832cbee98
    content/32: c4d10409af53c453ed6bd243b8b97651
    content/33: 0b7c38fd121008dcdbadbf16904c652f
    content/34: eb9ad4a218b52cd59a4d23e889627a62
    content/35: 920e5ca759926d926da155e9656dcd02
    content/36: c9c30d1a6b315c734b07060cd402b1fa
    content/37: 51adf33450cab2ef392e93147386647c
    content/38: 6aa11e4bc848e9e1a7da310d66231af7
    content/39: 5a9c119a1e36dfc809968579e1199266
    content/40: 48e65dd974a85d67d43e5b3da6a78ff8
    content/41: b7e51ae9cce80e0be35533cf8ccce5a7
    content/42: 590b699bc7b9f756129e6f5c2b189c9e
    content/43: f326987f3b0dd0162fa9a6f0b32ae181
    content/44: 931dc0722c3fbd4cf5af40d67c92255c
    content/45: 05960209692c8fc636f7da40163fac04
    content/46: 3aa3ab067923c80b37c641f3d6566831
    content/47: a106f8db58f6d2e59173e9c68affa713
    content/48: b9830587df82e6a5a870afa08f30544c
    content/49: 309e2ce52a98e9bb0f6143996549eebb
    content/50: 1837a73959f9d011a5d1b21de26f815e
    content/51: 2c22a291c616fe28a204ed2f10dd905b
    content/52: f485581183a6a7b40851438e5b2a1f1b
    content/53: 9c985b24acc2d0cbbada8e161af777d5
    content/54: 549f415f93ce5b29bfb16cf5fe0bf785
    content/55: 51adf33450cab2ef392e93147386647c
    content/56: 3f5c50b11a42c261f57641175fc69222
    content/57: 35064e871421422b1e128fee1b2d9c83
    content/58: 155571e96a847fa90449522f2b77a54b
    content/59: 0190ab67d95a4c2d453fce9dae4508b6
    content/60: c925da800b56879b8b83d151a263f7bb
    content/61: 8969b18c6bc5d0c7018aa965410a1be5
    content/62: 36c89a48af78d0c2a439185e74c170ea
    content/63: d1ef1d51d33535073230250d9e8dfee8
    content/64: bd52587c186fb2501e9c47a7fb0b2189
    content/65: 51adf33450cab2ef392e93147386647c
    content/66: e961a3814821e9529a4d8e08cf496f17
    content/67: 5575703d330492eef6b6d5f0737e1330
    content/68: 155571e96a847fa90449522f2b77a54b
    content/69: 751561cfdbc84712b32cd375697a362f
    content/70: 092fde845f398b5322bb9b3e69a07ce6
    content/71: 39b85b238c3a00ae1acb1d9ad7e834b7
    content/72: 1d76d5f8d23c18ea8789cac55c440bcb
    content/73: e63e5f6a557b28fd6d2d9a2e6babe9d0
    content/74: 79dc425a930dabcbc62c4af289f2e6d5
    content/75: e2df426b0840fb9088fd7a33a9ac57bc
    content/76: be664aea2917020efb16c4946593f119
    content/77: a206be4b15f56d3face035b3b7784b99
    content/78: 0c5c9be2b269111bd0c388ee7a3184cd
    content/79: b4c67f33e5014e9226490ca951ce9c47
    content/80: 7a8782963389d2189f52be8c9d232de6
    content/81: b7d77c41ac0a05293a82106fe76c5b63
    content/82: 78d2b9d0bb00df8cd51d787d86d55c6e
    content/83: 7c42527fc9be269d599e31379c49a1fe
    content/84: fb110f75da846dd85bc444842616ada1
    content/85: bc32754a3325936c0e49c1bfbd710eac
    content/86: 28ffebda0009dc7110d779aaf80de7d2
    content/87: 0b8b6bb14eeae9d2ea344cabfefaa543
    content/88: 2b8ba27330ad5af9422b0de27bc01e00
    content/89: 3b04113f7cf1b64fe9a357a247925d34
    content/90: 59e04b5c97c9c7fccdb6f284f3be9981
    content/91: 51adf33450cab2ef392e93147386647c
    content/92: 72b9fd0ce0e4bfc98dfd36fb35238fab
    content/93: 982245493d09b3db1ef60824afa1bbf8
    content/94: a252b562fc300883f2845e0c54a2d0cd
    content/95: c234c213e540ee3bcffad017c9c9cb75
    content/96: dcd5bc676b9b4956e66fe1045f86a5a0
    content/97: fa2896ac28faaddc29540dba0f2ea7cf
    content/98: c7315dc914f85a8e7be1553e0458fdda
    content/99: a15715eea8694ee737338c021ea79787
    content/100: 3194966101f0d8ea12b02a4dcaa34d0e
    content/101: 38038c4d1efda89e5c1f9d8640c67aef
    content/102: c708ae80a2e8b9752789a68a9bee176d
    content/103: 11f28ceca8ebac9f2469cb627a1a7937
    content/104: acb15cd882a954ec87b446478a0fc54b
    content/105: 9d640420f03b6b66571e4e10ff8f2e23
    content/106: 3a723392b702f4ca317da50a6204c68a
    content/107: 013ff55aff5956cfe7cf59fdb790f8ed
