version: 1
checksums:
  29ba5363b2b0f1cc53dd4a667d52f86e:
    content/0: b896c53685482156e740ce08d88ba8d2
    content/1: 1e046d4dd54af989112f43dc1e6ae9c6
    content/2: 2acf1e217477dafe17423bcbdd123711
    content/3: 9987be7cffb2f6188d54ea906c0a9485
    content/4: fdb5d914fd53a8502b906bd89fe6f6d1
    content/5: 51adf33450cab2ef392e93147386647c
    content/6: 56ea06288e338a3c329d80a0f845b4a0
    content/7: ac632ee57422256987ec69fa1fa55571
    content/8: 51adf33450cab2ef392e93147386647c
    content/9: 9c9e94642807e3728a1791e6cfd7516b
    content/10: b0dd1b2af0249cadc8147fcd2824162d
    content/11: 54a79f931699d3ca31ca6a09318eed64
    content/12: 5b384876c724cf927b56649179c4e808
    content/13: 90afdec0d22684a09430fa503dbc82bf
    content/14: 0b8b6bb14eeae9d2ea344cabfefaa543
    content/15: e6b92356986f64601ded73a3a9af1760
    content/16: c925da800b56879b8b83d151a263f7bb
    content/17: 385018fc789da284a0c96960fe3f6ec4
    content/18: 2f6014a509bf52e9a0db39569885dfd5
    content/19: 97f1f7f04ad2be288b05caacb61f66c3
    content/20: 9934e6aeaf9c4b8a33e70cc0601679a9
    content/21: 7d2a6af3866f9c4beba6a53f207a599b
    content/22: ca7c2dd535aa43aa1804fdb47c26cf42
    content/23: 51adf33450cab2ef392e93147386647c
    content/24: 8462a747b18279082fe601bc44c41b96
    content/25: 9efc8f824620922048a0cbd5463e6baf
    content/26: ac19d92f18727a2abce5e8b280412f72
    content/27: a9dae9fb033168e0cc0128b42c133897
    content/28: cab963eba977bb2538989ce8a02c4e50
    content/29: a3eef7ecff263ece91113908c007b486
    content/30: 904b08ea9e505e43a60a01563ffc74a9
    content/31: 520419d855f9069c9a48f0c590d2c60b
    content/32: d260e7ce3242f424076b40c1ad3e1f65
    content/33: 69db4bb5d135eb2173ff00a3ad5fe4fc
    content/34: 36593fbb8a8679de7088014740b04770
    content/35: edc9976e14549f7b4f33bf15cd12b208
    content/36: eb9ad4a218b52cd59a4d23e889627a62
    content/37: 920e5ca759926d926da155e9656dcd02
    content/38: c9c30d1a6b315c734b07060cd402b1fa
    content/39: 51adf33450cab2ef392e93147386647c
    content/40: 6aa11e4bc848e9e1a7da310d66231af7
    content/41: dc1cadb5a2826d6fd9237bb344741c72
    content/42: 85d4891021fd0f7426642998d158952e
    content/43: 48e65dd974a85d67d43e5b3da6a78ff8
    content/44: b7e51ae9cce80e0be35533cf8ccce5a7
    content/45: 590b699bc7b9f756129e6f5c2b189c9e
    content/46: ed02fd2d93a74e9d3c692ac1620990fe
    content/47: a0364c9c16e27ff63e92db74f27bf8be
    content/48: 05960209692c8fc636f7da40163fac04
    content/49: 15617f8218be7bf0c656c608ed6541fc
    content/50: a106f8db58f6d2e59173e9c68affa713
    content/51: b9830587df82e6a5a870afa08f30544c
    content/52: 755163c96e23f2783dcba2e032349782
    content/53: 1837a73959f9d011a5d1b21de26f815e
    content/54: 57c98b2f8f235598ae294f1d09eb1274
    content/55: f485581183a6a7b40851438e5b2a1f1b
    content/56: 68c9888b4baef08387b1a21a7e44e6cd
    content/57: 549f415f93ce5b29bfb16cf5fe0bf785
    content/58: 51adf33450cab2ef392e93147386647c
    content/59: 3f5c50b11a42c261f57641175fc69222
    content/60: 2ff59376b60be9d37dd4845afb951e94
    content/61: f2c27e1ada8ed0823ad58ad83eee76b1
    content/62: 155571e96a847fa90449522f2b77a54b
    content/63: 863046676d0454d212c40ddf7bb700e4
    content/64: c925da800b56879b8b83d151a263f7bb
    content/65: e16c6b546c5e32ee71ec11b54e456216
    content/66: 36c89a48af78d0c2a439185e74c170ea
    content/67: d1ef1d51d33535073230250d9e8dfee8
    content/68: bd52587c186fb2501e9c47a7fb0b2189
    content/69: 51adf33450cab2ef392e93147386647c
    content/70: e961a3814821e9529a4d8e08cf496f17
    content/71: d8bec837d112c3cd1c53438353b09ed8
    content/72: 86788f54446ee8745226bdddf4055cb9
    content/73: 155571e96a847fa90449522f2b77a54b
    content/74: def921ed25d6ff8216542490a5fbc1a0
    content/75: 092fde845f398b5322bb9b3e69a07ce6
    content/76: d14a2bf38e78a012e159a7915a612a15
    content/77: 1d76d5f8d23c18ea8789cac55c440bcb
    content/78: 4a2f9c451c8e957a54c2cb818b8cf34a
    content/79: 79dc425a930dabcbc62c4af289f2e6d5
    content/80: 3280b3907d020b3a691d740832ae70e7
    content/81: be664aea2917020efb16c4946593f119
    content/82: 2633e220ade7f46cb6d4c9273fd001d5
    content/83: 0c5c9be2b269111bd0c388ee7a3184cd
    content/84: dd0c693003eade2e536aff82f043d57a
    content/85: ab82386736186c1e02042d3b0eff3d84
    content/86: e55631402680e7be376aca390cdbd207
    content/87: 4a14b613ffd8aec8fe21af632429259b
    content/88: 7c42527fc9be269d599e31379c49a1fe
    content/89: f2630e5a88e09a612d4d8413c2d02745
    content/90: bc32754a3325936c0e49c1bfbd710eac
    content/91: 26caa05ddbd48ee00bee8fe553321815
    content/92: 0b8b6bb14eeae9d2ea344cabfefaa543
    content/93: 2b8ba27330ad5af9422b0de27bc01e00
    content/94: 3b04113f7cf1b64fe9a357a247925d34
    content/95: 59e04b5c97c9c7fccdb6f284f3be9981
    content/96: 51adf33450cab2ef392e93147386647c
    content/97: 72b9fd0ce0e4bfc98dfd36fb35238fab
    content/98: 982245493d09b3db1ef60824afa1bbf8
    content/99: 0649cda26da4bb9ce185b9e8dd6ee41e
    content/100: c234c213e540ee3bcffad017c9c9cb75
    content/101: dcd5bc676b9b4956e66fe1045f86a5a0
    content/102: fa2896ac28faaddc29540dba0f2ea7cf
    content/103: c7315dc914f85a8e7be1553e0458fdda
    content/104: a15715eea8694ee737338c021ea79787
    content/105: 3194966101f0d8ea12b02a4dcaa34d0e
    content/106: 38038c4d1efda89e5c1f9d8640c67aef
    content/107: c708ae80a2e8b9752789a68a9bee176d
    content/108: 11f28ceca8ebac9f2469cb627a1a7937
    content/109: acb15cd882a954ec87b446478a0fc54b
    content/110: 96c485d76c0e7f680d657f4e14beab7a
    content/111: ea8aaa0be5ef7931c7f7e671b51a6cc1
    content/112: 526a7243df6a8a7adaac235aa7271601
