version: 1
checksums:
  29ba5363b2b0f1cc53dd4a667d52f86e:
    content/0: 33695a94ee7240884ee6333632e7f380
    content/1: f2ab7f6b867f4a4b4e6c746e4ee3fc61
    content/2: 2acf1e217477dafe17423bcbdd123711
    content/3: b06ccc8f45a1b77c3f8aade9f12ad28b
    content/4: fdb5d914fd53a8502b906bd89fe6f6d1
    content/5: 51adf33450cab2ef392e93147386647c
    content/6: e8f224099ddfc434b281b592575f8606
    content/7: 463b13b8d939ec534c0b9d3245deeb96
    content/8: 0698be238183945bf92de98c78773c8e
    content/9: 694bfbbfabb3f70982aebfe8fa249e58
    content/10: a39f42026429684441827821e2e8d891
    content/11: a9c2e4ade137ba3d8978b9b7988929cf
    content/12: db8d8472c95426545bb1f80956e2eeed
    content/13: ec6c7831617bf0358043e4683a6fd618
    content/14: 0d25961f9ce4056854c9d5ad9ccbc1c8
    content/15: 51adf33450cab2ef392e93147386647c
    content/16: 60bb4098369f54ba8a72bac60076b218
    content/17: 90b1210596ab126053e172530986aebf
    content/18: 2ddb213e261e9002051c06858bee809b
    content/19: 51adf33450cab2ef392e93147386647c
    content/20: 48669d7fc8bb5f765e87ffd5386d61a1
    content/21: 21041825a02a64079cd88fb8ca132fe0
    content/22: c60c699a88f37ef6b6e1cca240c14dd7
    content/23: 68a3343deee29d5198c6b13c7a42d3da
    content/24: c7782476858462e82e4aaeea744ba5be
    content/25: 51adf33450cab2ef392e93147386647c
    content/26: 0395d8b4658fbae7c47c28f560fe5ec5
    content/27: 3362f6e2c4992a99a372cf1bb5c97dfe
    content/28: d541ec61d004d8bfaf981405c8eb50a9
    content/29: 5770157db19da195d00b4155abda32c2
    content/30: 07361c5ebf2a4301e9aa944727ceee49
    content/31: 51adf33450cab2ef392e93147386647c
    content/32: e7b9bbce52747d42f1f937afa30dd8f2
    content/33: 3e790a0a44a7eba77ab4c3d3d1f4097f
    content/34: 0ad1a51ba5c894a605013221cc227d59
    content/35: 570ef7c205f6cb50d90fd69efa0b90ee
    content/36: 19c4c0ed72392d7d53fd1d0a75f7fcf1
    content/37: 51adf33450cab2ef392e93147386647c
    content/38: d63dd71fe00a42b6a7e94f1897a907c7
    content/39: eb9e72b970c23be10290eecb06101724
    content/40: 97a4f55ecfa2cf1560c92001c13bfb08
    content/41: 50807ce1a32e29e02d3fe982cf18b1fd
    content/42: 04ad79a52b1302d9bd7b15a2844f73a0
    content/43: c7315dc914f85a8e7be1553e0458fdda
    content/44: a15715eea8694ee737338c021ea79787
    content/45: 3194966101f0d8ea12b02a4dcaa34d0e
    content/46: f8c2f53155acc08b4ced42864d396221
    content/47: 412c30ecdf83b1ea2c01325570df0682
    content/48: 0d3adbe3787bc7f85b0fcf53c4e388fd
    content/49: ac8d9035a00029b097de622b4c6b9d4b
    content/50: 48b804cf2a1ab66e4bb3e009600d0ff4
