version: 1
checksums:
  ab95e8c959a889717f02a05af5c5b1e6:
    head/0: 7d39787547365ee4194f29f3f54e5c05
    head/1#content: 49f8864eb0e53903f04532bf33e1e4fa
    head/2#content: c2a1da93efb7e744d100df705e5fcbfd
    head/3#content: d94b318cb327f61f1aea44a6cb1fdcad
    body/0: d1c3a9f35e377554a4ccaa467ca26614
    body/1: 886bab34500cc953ed339a540fa15a01
    body/2/0: f1e6240e8bf6f6264d122322892f6f1b
    body/3#alt: 68f95fca639f8bf72a4796b6734b02d5
    body/4#alt: cb7d920c3bbcade1c8e0307093f58573
    body/4#title: b065d13c12906a65ae9a80ad58f57804
    body/5#placeholder: a05ce3b4578f55e41bd2ad4964f966b4
    body/6#placeholder: a4554ed67c02872e302b0042724f859d
    body/7#title: c903c6985a40ce02d65c90229de35a4e
    body/7: e598091d132f890c37a6d4ed94f6d794
    body/8#title: d656021ba5f485fa1a82f8aac6ecc5de
    body/8: 1c6856488bd34ad87fcacce2d8e66a0b
    body/9: 862964e6cd73cdffdcac622406c6bac9
  ac0dd4d7f7007c5165a365b4f11e51e6:
    head/1#content: 87c1cace5dae97b8d8e7e33935d38648
    head/2#content: b5e67d04e51169a06100e8073a2af399
    head/3#content: 6dd9850e2dd00fa90543d76492fac178
    head/4#content: 927eae1ba94d9613db75205352278538
    head/5#content: ca6d9e7477f55ac948c2d0e2392b19d3
    head/6#content: 3e695f9f6c1ac8162d0ad4b3c37e9923
    head/7#content: e0f5363c63a67f2001d65d98de31bec2
    head/8#content: 673b19ac81d26b874750872da85b69af
    head/9#content: f5f171e3b792ae88ad4316b892ab4feb
    head/10#content: f0cf9abfcc52ca0cb2d99bae3ee26afa
    head/11#content: c5ba2f94feaae5f23020d53f1b87e2e7
    head/12#content: 300ff9c2ab7ad93ec799bd96f13268a1
    head/13#content: 63daa51677c557c1382d40be1c7d1f08
    head/14#content: 53d07ce1ee9351ace5220d1694f6c548
    head/15#content: 11ca112e48517b3addf6a156603308b7
    head/16#content: 3c7b20f91f8fa888969cc818b3925749
    head/19#content: d387d7423ccda42d2f7b9f6e0a75ee76
    head/20#content: 63daa51677c557c1382d40be1c7d1f08
    head/21#content: f14c6f672f70a6d464312134e3b13fcc
    head/31#title: 76814904f99f5c708993a63933218b53
    head/32#title: 66b06156bbfc5878ac6593f289087de7
    head/36#title: 49dd6c21604b5e8d4153ff1aff2177e1
    head/39: 63daa51677c557c1382d40be1c7d1f08
    body/0: 4a7d27cf91a0270eb8843cf630013650
    body/1/0/0/0: 63daa51677c557c1382d40be1c7d1f08
    body/1/0/0/1: 62aeeef7dac63c8d6fe616a3cac9dcf6
    body/1/0/0/2: 179023c1a0b2826185d6e57ecde1f9f5
    body/1/0/1/0/0/0: f7760908c3fd8011002970228076f952
    body/1/0/1/0/0/1: bd7c665158280b3ee401a1f5e3eb3982
    body/1/0/1/0/0/2: ace03c3afa054f3b3273844f10e26fdf
    body/1/0/1/0/0/3: b51febcc48512258f34262b89c43f3d6
    body/1/0/1/0/0/4: 7f2852d8b918329969657dc332d3f187
    body/1/0/1/1: dd03ee6b83901fc440f90236483dafc5
    body/2/0/0/0: 5002bf1bc4d510aa4b3c32e6942c2534
    body/2/0/0/1/0/0: 443a272585670118a9d2eb690b04068a
    body/2/0/0/1/0/1: 005ed361f9983cec5c7fcfaa950aa47e
    body/2/0/0/1/1: f1085711ee61a2e9f3828092aa1fd78d
    body/2/0/0/1/2: 48cf08e6817a9b025211ba452dbf69ef
    body/2/0/0/1/3: b6be1118d8495fe2ae3743a0b88ba697
    body/2/0/0/1/4: c9e53f98f2838da2bf1fb68f74a5bca9
    body/2/0/0/1/5/0: 7bc30455d723b29e3330af0e06f97d00
    body/2/0/0/1/5/1: 3e8eb8d10f92a2781cc1bd5022d6e4a8
    body/2/0/0/1/7: 5dccad892e0e190636fa2bdc389c4c8b
    body/2/0/0/1/8/0: 7c633df96da956f320e3ee5923deee7a
    body/2/0/0/1/8/1: 284f7f0a4daf83467dd94ffaf26b75eb
    body/2/0/0/1/9/0: d16c67c5a6cd69f37c6d2ec1d41bba67
    body/2/0/0/1/9/1: a04b153d6606549db374683f17de8d74
    body/2/0/0/1/10/0: ada6d7eab6bcebbf0bc4423595414385
    body/2/0/0/1/10/1: 5b75280dafa40a7da2baa8bc701bca49
    body/2/0/0/1/11/0: b200e55c8532fbad3dd1373a188e7fc1
    body/2/0/0/1/11/1: 8665a3a1768b8e41732211ba9bfaa125
    body/2/0/0/1/11/2: 2a78f643c64664457b73ad92ac20baed
    body/2/0/0/1/11/3: a5af6aa8e725eb77a06b1e9414d146b5
    body/2/0/0/1/12/0#alt: 74efadaed0d05c3a5905f7e4f950645c
    body/2/0/0/1/12/1: 1b876723babaccb49d137f8ea6fee7a2
    body/2/0/0/1/13/0: 39daa202d315989cd33f42148d15c37d
    body/2/0/0/1/13/1: 7ce3b9df4a17edfa91c9a184c9acb1e3
    body/2/0/0/1/14: bfa06f332273214d53c9d5098326e80c
    body/2/0/0/1/15/0: ca92010bbf04f01955b23a9831e64195
    body/2/0/1/0: 1a5f7e07b06eea3b94956b037ee0fca9
    body/2/0/1/1/0/0: cd9a263db2efa2b80c14a5a6767e5158
    body/2/0/1/1/0/1: 788ed526bc172610d71c19a77a157962
    body/2/0/1/1/1/0: 8d000d3f6b2fc6bc4e6fd14136acddf8
    body/2/0/1/1/1/1: 2d57000ccd0ab4d4d7e4e3089dccbe65
    body/2/0/1/1/2/0: bf0f878a2030ec1e1c405073a78f7ca9
    body/2/0/1/1/2/1: 1682cf1d95f5defb44e67d37cd17a642
    body/2/0/1/2: baf7300216bbed89ca80cb784f7ef2a7
    body/2/0/1/3/0: 0923275764252dfefc577961f16d33c7
    body/2/0/2/0: 7e80747687b90e33d43e1ecfb8c2b624
    body/2/0/2/1: 2be95a0576c5f2dc8c4359afa6cac340
    body/2/0/2/2: 22c7c4d2bca99ae95cf2a41515c74c4d
    body/2/0/2/3: 8050c90e4289b105a0780f0fdda6ff66
    body/2/0/2/4: c1a5269f77b04ec5f2918e45c0db66df
    body/2/0/2/5: 32f3449aa6a3bd8b5af54691b794532f
    body/2/0/2/6/1#alt: 80a3917af41089617410b43e39573a8a
    body/2/0/2/7: 05cb2a340027ff4ccd398cfaebfc1469
    body/2/0/2/10: 71002a0cda82d0a2d2df8960e8fefb7b
    body/2/0/2/11: 05eb2940365d3e06a2b1d05aba7f13e5
    body/2/0/2/12: 9c98ee8c22dede522efea5629790e428
    body/2/0/3/0: 077294fc58d2b680c87d31926ff38646
    body/2/0/3/1: 434f13dd5ab41ae16a1771cbe3a19ec9
    body/2/0/4/0: 4b8762309a29ceb0e6abe037f47b4cfe
    body/2/0/4/1: 134d0dd47418ae278431d8feb077a01e
    body/2/0/5/0: 2ef494d69144fcb05bcb6db6c79e55ca
    body/2/0/5/1/0/0: 1f5b53b9904ec41d49c1e726e3d56b40
    body/2/0/5/1/0/1: 4ddccc1974775ed7357f9beaf9361cec
    body/2/0/5/1/0/2#placeholder: f01e599cced8b7d7105329947b5096de
    body/2/0/5/1/0/3: 223a61cf906ab9c40d22612c588dff48
    body/2/0/5/1/0/5: e7f34943a0c2fb849db1839ff6ef5cb5
    body/2/0/5/1/0/6#placeholder: 6b0c96a86624c61fd6a35719b9a32704
    body/2/0/5/1/0/7: ca97457614226960d41dd18c3c29c86b
    body/2/0/5/1/0/8#placeholder: 4bedfc5b02cbff3d37abc3f359f91e20
    body/2/0/5/1/0/9: e59677c4302af38259384c09c5d26025
    body/2/0/5/1/0/10#placeholder: 565d39c67ccaab5c4aff14175de34e3c
    body/2/0/5/1/0/11: 49dd6c21604b5e8d4153ff1aff2177e1
    body/2/0/5/1/0/13: 7d6b3b3a3630f607188ee3b2c8687f03
    body/2/0/5/1/0/14: 2789f8391f63e7200a5521078aab017d
    body/2/0/5/1/0/16: 1fad969ecf3de1c21df046b93053c422
    body/2/0/5/1/0/18: 9d53d1d120e8b8954bcae9a322573748
    body/2/0/5/1/0/20: 56f41c5d30a76295bb087b20b7bee4c3
    body/2/0/5/1/0/22: 863b74b1cdcbf3b04ea79e679b37e29e
    body/2/0/5/1/0/24: ae7bef950efc406ff0980affabc1a64c
    body/2/0/5/1/0/26: 436fdd694160827dd6ea4644cdd0a8f8
    body/2/0/5/1/0/28: b504a03d52e8001bfdc5cb6205364f42
    body/2/0/5/1/0/30: 1255b55897f2be1443d3bb8c30cd9795
    body/2/0/5/1/0/32: 76aec20f1efb4b47bcbd3a7c7a2b4e66
    body/2/0/5/1/0/33#placeholder: 2b62a3c0a68a4accee7908e235624592
    body/2/0/5/1/0/34: 5ac04c47a98deb85906bc02e0de91ab0
    body/2/0/5/1/0/35: 74c61b6d3ef5b5d239fa9f768a685156
    body/2/0/5/1/0/36: dd968cccbc2145b56bba3c9524f3f2d3
    body/2/0/5/1/0/37#placeholder: e99cba5fc891cc38d237399cbc479338
    body/2/0/5/1/0/39: 1ec22abec772e8f5edc8e598d56d3843
    body/2/0/5/1/0/40: 0ff9caa359ca0fd34c0e2cb0c5d01174
    body/2/0/5/1/0/41: b77f79143d1c352333a47ea419a69fbe
    body/2/0/5/1/0/45: 7c91ef5f747eea9f77a9c4f23e19fb2e
    body/2/0/5/1/0/46: c19c53a05e21c7f3b395247809a14b51
    body/2/0/5/1/0/47: 0889a3dfd914a7ef638611796b17bf72
    body/2/0/5/1/1/0: da7ca00f480ee314c2896801ef429ea4
    body/2/0/5/1/1/1: 4f2e381ebbefcacd811c0e21771163c9
    body/2/0/5/1/1/3: dd0200d5849ebb7d64c15098ae91d229
    body/2/0/5/1/1/5: d9837510f236ac243e08cbe9c3127da8
    body/2/0/5/1/1/8: 2ac0c6681366b8e4046c6960a14e1504
    body/2/0/5/1/1/10: c2bdcc937b357934ac9662d78d852af9
    body/2/0/5/1/1/12: 4a00dd4d2e73d834ee18d21f5f3650c5
    body/2/0/5/1/1/13: 8f1d81036e38b5e5753cb6546385b924
    body/2/0/6/0: 6653280e32b1c41add771bafa8000591
    body/2/0/6/1/0: d713fc8f199710574212799de1a5fb73
    body/2/0/6/1/2/0/0: 9368b5a047572b6051f334af5aa76819
    body/2/0/6/1/2/0/1: 53743bbb6ca938f5b893552e839d067f
    body/2/0/6/1/2/0/2: 4e1fcce15854d824919b4a582c697c90
    body/2/0/6/1/2/0/3: 93c7ef9bc767f51fbe360afcf6b1fecb
    body/2/0/6/1/3/0/0: 8d0d788100b42b3ea4e2c45076d1f148
    body/2/0/6/1/3/0/1: b4997d4e5d7c31b1fd8cfbfbba46e013
    body/2/0/6/1/3/0/2: c88138191fb4c14df9ae9f0534aca2ce
    body/2/0/6/1/3/1/0: 2e43f51640039df53b343775f0cbdb61
    body/2/0/6/1/3/1/1: 7cfc2a0845ce7ae0ca09301af5ea8a22
    body/2/0/6/1/3/1/2: 82541f089723e16a17d85257a99092b6
    body/2/0/6/1/3/1/3: e84647e929178e65607ee7c1a897b0ab
    body/2/0/6/1/4/0/0: 6480370194a4e970842b1a2ef18242a1
    body/2/0/7/0: a11facce8a11ec0809318094e4c931b1
    body/2/0/7/1: c64bd9eaec3f9bcbaf3e7cde56f4aaa2
    body/2/0/7/2: 6e32275e2e75b92a2c28d574d5279c41
    body/2/0/7/3/0: 204a0fc63eb7687c7be7ef8f0a7f42e3
    body/2/0/7/3/1: 3ff961ca447b1200b77ce0e968b31b6f
    body/2/0/7/3/2: 0aff1b07d3a76664629413bcc5365fd2
    body/2/0/7/4: 58978e420f4fe37dfefeea3007d05982
    body/2/0/7/5: 38604c9ea19fdd3097e6915d907c0902
    body/2/0/7/6: 64a9c53d57d2f520e05a0b9a491e80a1
    body/2/0/7/7: 037e3f80ad829da941505d199c3660c6
    body/2/0/7/8/0: 3f9078eef0892916d54547dea2337bfc
    body/2/0/7/8/1: c44ec16967268516fd51c1ac7c4281c0
    body/2/0/7/9: 14243c62624a4da5553219d5b8a7f284
    body/2/0/7/10: 67ca49294d4f0b92b9b499c1b625dde0
    body/2/0/7/11: 403e3d14286ae86f196e1e96babd8b4d
    body/2/0/7/12: 1a04cb30e2858160715e8167f74daa51
    body/2/0/7/13: 331efa9c094bc8ab9b9eec272fcf056c
    body/2/0/7/14/0: 787c096af6c141c0efdd867487fc0811
    body/2/0/7/14/1: 82ad9a00332179807639f947a7751900
    body/2/0/7/15: 42db774092f308bc767a759b10a1da90
    body/2/0/7/16: c9d3b9f6b347f0a666ea2338e194dd92
    body/2/0/7/17: ba053a2cc321c9c7a059fea95b7f9bbd
    body/2/0/7/18: d68fcfba0918369df6d7a7b8b21ee22b
    body/2/0/7/19: f1f64bb5cc22eed6d922323eaf53a7a5
    body/2/0/7/20: 2dab542206ca1c9b37525f6227cda092
    body/2/0/7/21: b63348201e09a0bd3f3136ca4ecf7c8c
    body/2/0/7/22: 992468e15234bb249d8dc9b890808ad2
    body/2/0/7/23: c879f1245e558be55db381e4d4cda3a8
    body/2/0/7/24: bca225b0f8c02210afd4df4ed922361b
    body/2/1/0: c991b6a9fd74c24e18b224146036bbee
    body/2/1/1/0: 49dd6c21604b5e8d4153ff1aff2177e1
    body/2/1/1/1: ea75c9ebe0551fa039857cff8f9805c4
    body/2/1/2/0: 6030e344bc8108f192eec8d7e1bd5ef9
    body/2/1/2/1/0/0: 252cd97ccaa452fbf52c8ece86cc6357
    body/2/1/2/1/0/1: 9dc6fc5838c4781ae16511b428edc580
    body/2/1/2/1/0/2: 0fcd8169cfcb7a986e5f5bc8e0304179
    body/2/1/2/1/0/3: c2c11312a3f6c6f1ca8285a68777b3c5
    body/2/1/3/0: 129891f5ec1aba3e82dc4e9b577cdba8
    body/2/1/4/0: b504a03d52e8001bfdc5cb6205364f42
    body/2/1/4/1: 7eac03268a7a1f9c7c838f8d848240e3
    body/3/0: 5d4ada1ab4dda0067307ed27db717f55
    body/3/1: 327405ed3e27fd2c1781b18f71fb5219
