version: 1
checksums:
  e8b273672f895de0944f0a2317670d7c:
    0/NAME: 82fd7edcad911fd528a6e1d65905e468
    0/PRODUCT: 97cddc0ea1a642dbbc77e2c58ef96c54
    0/BONUS: 3c196cabd552b6b6941f8813562cdec6
    1/NAME: 3e7241ad69e00f71f6447b69006fdd6b
    1/PRODUCT: 52dceb6e133876eedefc91758f4dafa8
    1/BONUS: a61657f3137c31deb9498810287d7ed4
    2/NAME: 229dc77b9845261d704d992c7b00153a
    2/PRODUCT: 45b9756cad31c05eba897f19a4550ecb
    2/BONUS: 02ac38cc1479911157054402e82959c1
    3/NAME: 40f55d4ddad53f1c31c7244813bc68e7
    3/PRODUCT: 93017112c1dc2f074d3be1abb02d2507
    3/BONUS: 604e6eca8e6c781586fab7cf0b97f0b7
    4/NAME: ba44c67983adfdd5bf03ec5168f3abc9
    4/PRODUCT: 898e5908c9726f8056673258dbe9b1af
    4/BONUS: 719f3dbab3cb569a93518d4c2ff1b633
    5/NAME: 61d99435646f27866c505e7d1f40d171
    5/PRODUCT: e9c4963b1da635d2365e0111a7a7fc2f
    5/BONUS: 35db06a282738c6c6a9417094d39c80e
    6/NAME: 032412ef2ec37e8be14137292049e970
    6/PRODUCT: 221ea6f7cf3778ae8b9f079588d7fb7a
    6/BONUS: b557d0a6619c27e558b8581ce7d3108a
    7/NAME: 6a554c4b466acc8b76d043452e3a710f
    7/PRODUCT: e6b44d2244ead5e4ae5a6a3755d103f8
    7/BONUS: 0a91164a59598e2650e4e48eaa6bd4bf
    8/NAME: 275a03d2e25a65f126991ada1daa870d
    8/PRODUCT: 97cddc0ea1a642dbbc77e2c58ef96c54
    8/BONUS: 3c196cabd552b6b6941f8813562cdec6
    9/NAME: 221b270fe5a60e5a160d5502f9b0c139
    9/PRODUCT: 52dceb6e133876eedefc91758f4dafa8
    9/BONUS: a61657f3137c31deb9498810287d7ed4
    10/NAME: 7517a402f3581ea2c04a992b8468c008
    10/PRODUCT: 45b9756cad31c05eba897f19a4550ecb
    10/BONUS: 02ac38cc1479911157054402e82959c1
    11/NAME: a649692aa9ba9468f98ed718bd4d0729
    11/PRODUCT: 93017112c1dc2f074d3be1abb02d2507
    11/BONUS: 604e6eca8e6c781586fab7cf0b97f0b7
    12/NAME: 10e10057922963a0ef53b526cb2baf90
    12/PRODUCT: 898e5908c9726f8056673258dbe9b1af
    12/BONUS: 719f3dbab3cb569a93518d4c2ff1b633
    13/NAME: 2b0365cf946aeb2678cb2a10f7b662ae
    13/PRODUCT: e9c4963b1da635d2365e0111a7a7fc2f
    13/BONUS: 35db06a282738c6c6a9417094d39c80e
    14/NAME: bbe0e79469d425ce26a44bd8c1f9783d
    14/PRODUCT: 221ea6f7cf3778ae8b9f079588d7fb7a
    14/BONUS: b557d0a6619c27e558b8581ce7d3108a
    15/NAME: e08118de3644266e79c63d1fe03bdd34
    15/PRODUCT: e6b44d2244ead5e4ae5a6a3755d103f8
    15/BONUS: 0a91164a59598e2650e4e48eaa6bd4bf
